
Microsoft Visual Studio Solution File, Format Version 12.00
# Visual Studio 15
VisualStudioVersion = 15.0.27428.2037
MinimumVisualStudioVersion = 10.0.40219.1
Project("{FAE04EC0-301F-11D3-BF4B-00C04F79EFBC}") = "BTM", "BTM\BTM.csproj", "{1A509F89-EB20-4AB6-9ACA-7EEF107E5E3B}"
EndProject
Global
	GlobalSection(SolutionConfigurationPlatforms) = preSolution
		Debug|Any CPU = Debug|Any CPU
		Release|Any CPU = Release|Any CPU
	EndGlobalSection
	GlobalSection(ProjectConfigurationPlatforms) = postSolution
		{1A509F89-EB20-4AB6-9ACA-7EEF107E5E3B}.Debug|Any CPU.ActiveCfg = Debug|Any CPU
		{1A509F89-EB20-4AB6-9ACA-7EEF107E5E3B}.Debug|Any CPU.Build.0 = Debug|Any CPU
		{1A509F89-EB20-4AB6-9ACA-7EEF107E5E3B}.Release|Any CPU.ActiveCfg = Release|Any CPU
		{1A509F89-EB20-4AB6-9ACA-7EEF107E5E3B}.Release|Any CPU.Build.0 = Release|Any CPU
	EndGlobalSection
	GlobalSection(SolutionProperties) = preSolution
		HideSolutionNode = FALSE
	EndGlobalSection
	GlobalSection(ExtensibilityGlobals) = postSolution
		SolutionGuid = {0F180CAD-20DF-4805-8259-8456103EAAEF}
	EndGlobalSection
EndGlobal
