
Microsoft Visual Studio Solution File, Format Version 12.00
# Visual Studio 15
VisualStudioVersion = 15.0.27428.2037
MinimumVisualStudioVersion = 10.0.40219.1
Project("{FAE04EC0-301F-11D3-BF4B-00C04F79EFBC}") = "BTM", "BTM\BTM.csproj", "{1A509F89-EB20-4AB6-9ACA-7EEF107E5E3B}"
EndProject
Project("{FAE04EC0-301F-11D3-BF4B-00C04F79EFBC}") = "BTM.Common", "BTM.Common\BTM.Common.csproj", "{9EB64D91-B164-4900-9C19-C4A81605B351}"
EndProject
Project("{FAE04EC0-301F-11D3-BF4B-00C04F79EFBC}") = "BTM.CommandLine", "BTM.CommandLine\BTM.CommandLine.csproj", "{633094FF-D006-4AD5-80DA-F64623A4674E}"
EndProject
Project("{FAE04EC0-301F-11D3-BF4B-00C04F79EFBC}") = "BTM.GIT", "BTM.GIT\BTM.GIT.csproj", "{94027A4F-88B1-4211-928C-B97AEBCA41BD}"
EndProject
Project("{FAE04EC0-301F-11D3-BF4B-00C04F79EFBC}") = "BTM.TextFileAccess", "BTM.TextFileAccess\BTM.TextFileAccess.csproj", "{5D31A5FE-E835-43CA-8DFF-16780B792428}"
EndProject
Project("{FAE04EC0-301F-11D3-BF4B-00C04F79EFBC}") = "BTM.Extensibility", "BTM.Extensibility\BTM.Extensibility.csproj", "{F87069C0-720E-4C30-84B5-BB3660033016}"
EndProject
Project("{2150E333-8FDC-42A3-9474-1A3956D46DE8}") = "Base", "Base", "{A61EA944-43EA-4D19-B4C2-19501E921F38}"
EndProject
Project("{2150E333-8FDC-42A3-9474-1A3956D46DE8}") = "AddOn", "AddOn", "{FF1A3447-5D93-456A-841A-A9B9637A30AF}"
EndProject
Global
	GlobalSection(SolutionConfigurationPlatforms) = preSolution
		Debug|Any CPU = Debug|Any CPU
		Release|Any CPU = Release|Any CPU
	EndGlobalSection
	GlobalSection(ProjectConfigurationPlatforms) = postSolution
		{1A509F89-EB20-4AB6-9ACA-7EEF107E5E3B}.Debug|Any CPU.ActiveCfg = Debug|Any CPU
		{1A509F89-EB20-4AB6-9ACA-7EEF107E5E3B}.Debug|Any CPU.Build.0 = Debug|Any CPU
		{1A509F89-EB20-4AB6-9ACA-7EEF107E5E3B}.Release|Any CPU.ActiveCfg = Release|Any CPU
		{1A509F89-EB20-4AB6-9ACA-7EEF107E5E3B}.Release|Any CPU.Build.0 = Release|Any CPU
		{9EB64D91-B164-4900-9C19-C4A81605B351}.Debug|Any CPU.ActiveCfg = Debug|Any CPU
		{9EB64D91-B164-4900-9C19-C4A81605B351}.Debug|Any CPU.Build.0 = Debug|Any CPU
		{9EB64D91-B164-4900-9C19-C4A81605B351}.Release|Any CPU.ActiveCfg = Release|Any CPU
		{9EB64D91-B164-4900-9C19-C4A81605B351}.Release|Any CPU.Build.0 = Release|Any CPU
		{633094FF-D006-4AD5-80DA-F64623A4674E}.Debug|Any CPU.ActiveCfg = Debug|Any CPU
		{633094FF-D006-4AD5-80DA-F64623A4674E}.Debug|Any CPU.Build.0 = Debug|Any CPU
		{633094FF-D006-4AD5-80DA-F64623A4674E}.Release|Any CPU.ActiveCfg = Release|Any CPU
		{633094FF-D006-4AD5-80DA-F64623A4674E}.Release|Any CPU.Build.0 = Release|Any CPU
		{94027A4F-88B1-4211-928C-B97AEBCA41BD}.Debug|Any CPU.ActiveCfg = Debug|Any CPU
		{94027A4F-88B1-4211-928C-B97AEBCA41BD}.Debug|Any CPU.Build.0 = Debug|Any CPU
		{94027A4F-88B1-4211-928C-B97AEBCA41BD}.Release|Any CPU.ActiveCfg = Release|Any CPU
		{94027A4F-88B1-4211-928C-B97AEBCA41BD}.Release|Any CPU.Build.0 = Release|Any CPU
		{5D31A5FE-E835-43CA-8DFF-16780B792428}.Debug|Any CPU.ActiveCfg = Debug|Any CPU
		{5D31A5FE-E835-43CA-8DFF-16780B792428}.Debug|Any CPU.Build.0 = Debug|Any CPU
		{5D31A5FE-E835-43CA-8DFF-16780B792428}.Release|Any CPU.ActiveCfg = Release|Any CPU
		{5D31A5FE-E835-43CA-8DFF-16780B792428}.Release|Any CPU.Build.0 = Release|Any CPU
		{F87069C0-720E-4C30-84B5-BB3660033016}.Debug|Any CPU.ActiveCfg = Debug|Any CPU
		{F87069C0-720E-4C30-84B5-BB3660033016}.Debug|Any CPU.Build.0 = Debug|Any CPU
		{F87069C0-720E-4C30-84B5-BB3660033016}.Release|Any CPU.ActiveCfg = Release|Any CPU
		{F87069C0-720E-4C30-84B5-BB3660033016}.Release|Any CPU.Build.0 = Release|Any CPU
	EndGlobalSection
	GlobalSection(SolutionProperties) = preSolution
		HideSolutionNode = FALSE
	EndGlobalSection
	GlobalSection(NestedProjects) = preSolution
		{9EB64D91-B164-4900-9C19-C4A81605B351} = {A61EA944-43EA-4D19-B4C2-19501E921F38}
		{633094FF-D006-4AD5-80DA-F64623A4674E} = {FF1A3447-5D93-456A-841A-A9B9637A30AF}
		{94027A4F-88B1-4211-928C-B97AEBCA41BD} = {FF1A3447-5D93-456A-841A-A9B9637A30AF}
		{5D31A5FE-E835-43CA-8DFF-16780B792428} = {FF1A3447-5D93-456A-841A-A9B9637A30AF}
		{F87069C0-720E-4C30-84B5-BB3660033016} = {A61EA944-43EA-4D19-B4C2-19501E921F38}
	EndGlobalSection
	GlobalSection(ExtensibilityGlobals) = postSolution
		SolutionGuid = {0F180CAD-20DF-4805-8259-8456103EAAEF}
	EndGlobalSection
EndGlobal
